{
  "name": "little-db",
  "version": "1.0.1",
  "lockfileVersion": 2,
  "requires": true,
  "packages": {
    "": {
      "name": "little-db",
      "version": "1.0.1",
      "license": "ISC",
      "dependencies": {
        "filec": "^1.1.0"
      }
    },
    "node_modules/@mathrandom7910/tseventemitter": {
      "version": "1.0.7",
      "resolved": "https://registry.npmjs.org/@mathrandom7910/tseventemitter/-/tseventemitter-1.0.7.tgz",
      "integrity": "sha512-GjfJTDdG/5l9TbjWEppt36OC69jlqtxH8NFK4MyF7kZjohp8KCdSjSRZwiStoBPXW1LupRztYWSK7GTIDHRZfQ=="
    },
    "node_modules/filec": {
      "version": "1.1.0",
      "resolved": "https://registry.npmjs.org/filec/-/filec-1.1.0.tgz",
      "integrity": "sha512-XyWWQdHoP3JwvjgX9xG6muM5GeMn7UZgx2dClP6s7o0kpo11lCV7fmjCsJlLkgwT/xDM04V3BBEqR1/OSt1FJA==",
      "dependencies": {
        "@mathrandom7910/tseventemitter": "^1.0.5"
      }
    }
  },
  "dependencies": {
    "@mathrandom7910/tseventemitter": {
      "version": "1.0.7",
      "resolved": "https://registry.npmjs.org/@mathrandom7910/tseventemitter/-/tseventemitter-1.0.7.tgz",
      "integrity": "sha512-GjfJTDdG/5l9TbjWEppt36OC69jlqtxH8NFK4MyF7kZjohp8KCdSjSRZwiStoBPXW1LupRztYWSK7GTIDHRZfQ=="
    },
    "filec": {
      "version": "1.1.0",
      "resolved": "https://registry.npmjs.org/filec/-/filec-1.1.0.tgz",
      "integrity": "sha512-XyWWQdHoP3JwvjgX9xG6muM5GeMn7UZgx2dClP6s7o0kpo11lCV7fmjCsJlLkgwT/xDM04V3BBEqR1/OSt1FJA==",
      "requires": {
        "@mathrandom7910/tseventemitter": "^1.0.5"
      }
    }
  }
}
