{
  "name": "@mathrandom7910/little-db",
  "version": "1.0.2",
  "lockfileVersion": 2,
  "requires": true,
  "packages": {
    "": {
      "name": "@mathrandom7910/little-db",
      "version": "1.0.2",
      "license": "ISC",
      "dependencies": {
        "filec": "^1.1.3"
      }
    },
    "node_modules/@mathrandom7910/tseventemitter": {
      "version": "1.1.0",
      "resolved": "https://registry.npmjs.org/@mathrandom7910/tseventemitter/-/tseventemitter-1.1.0.tgz",
      "integrity": "sha512-baXBFpQ+QJ6mz44ZUOer7wQjczx5Wgbc/wv5bgjMHYHURfJOXK90KB7HuXeF3usodH4NR98rJrGhKI0TbKvp8g=="
    },
    "node_modules/filec": {
      "version": "1.1.3",
      "resolved": "https://registry.npmjs.org/filec/-/filec-1.1.3.tgz",
      "integrity": "sha512-sw5Z0wDfxgO9WnL72CpOmG06idF2psyk5RukO9Btwp1sqBI/9rZ8BCNvbuJpzLmIqGZ3BNfliZQKAygNjFqKWA==",
      "dependencies": {
        "@mathrandom7910/tseventemitter": "^1.1.0"
      }
    }
  },
  "dependencies": {
    "@mathrandom7910/tseventemitter": {
      "version": "1.1.0",
      "resolved": "https://registry.npmjs.org/@mathrandom7910/tseventemitter/-/tseventemitter-1.1.0.tgz",
      "integrity": "sha512-baXBFpQ+QJ6mz44ZUOer7wQjczx5Wgbc/wv5bgjMHYHURfJOXK90KB7HuXeF3usodH4NR98rJrGhKI0TbKvp8g=="
    },
    "filec": {
      "version": "1.1.3",
      "resolved": "https://registry.npmjs.org/filec/-/filec-1.1.3.tgz",
      "integrity": "sha512-sw5Z0wDfxgO9WnL72CpOmG06idF2psyk5RukO9Btwp1sqBI/9rZ8BCNvbuJpzLmIqGZ3BNfliZQKAygNjFqKWA==",
      "requires": {
        "@mathrandom7910/tseventemitter": "^1.1.0"
      }
    }
  }
}
